Microsoft Visual Studio Solution File, Format Version 11.00
# Visual Studio 2008

Project("{6A9C6CE6-CA80-7E1B-FC29-856F32BD28DB}") = "U3D_Demo", "Assembly-CSharp-firstpass.csproj", "{BD2B5666-8E91-EDC4-E461-989178C31B02}"
EndProject
Project("{6A9C6CE6-CA80-7E1B-FC29-856F32BD28DB}") = "U3D_Demo", "Assembly-CSharp.csproj", "{D2CA8C1C-5F03-51AE-F2CD-3C5091836CB4}"
EndProject
Project("{6A9C6CE6-CA80-7E1B-FC29-856F32BD28DB}") = "U3D_Demo", "Assembly-CSharp-Editor.csproj", "{11B4C5CA-91C9-1658-0F14-97E826EC56AD}"
EndProject
Global
	GlobalSection(SolutionConfigurationPlatforms) = preSolution
		Debug|Any CPU = Debug|Any CPU
		Release|Any CPU = Release|Any CPU
	EndGlobalSection
	GlobalSection(ProjectConfigurationPlatforms) = postSolution
		{BD2B5666-8E91-EDC4-E461-989178C31B02}.Debug|Any CPU.ActiveCfg = Debug|Any CPU
		{BD2B5666-8E91-EDC4-E461-989178C31B02}.Debug|Any CPU.Build.0 = Debug|Any CPU
		{BD2B5666-8E91-EDC4-E461-989178C31B02}.Release|Any CPU.ActiveCfg = Release|Any CPU
		{BD2B5666-8E91-EDC4-E461-989178C31B02}.Release|Any CPU.Build.0 = Release|Any CPU
		{D2CA8C1C-5F03-51AE-F2CD-3C5091836CB4}.Debug|Any CPU.ActiveCfg = Debug|Any CPU
		{D2CA8C1C-5F03-51AE-F2CD-3C5091836CB4}.Debug|Any CPU.Build.0 = Debug|Any CPU
		{D2CA8C1C-5F03-51AE-F2CD-3C5091836CB4}.Release|Any CPU.ActiveCfg = Release|Any CPU
		{D2CA8C1C-5F03-51AE-F2CD-3C5091836CB4}.Release|Any CPU.Build.0 = Release|Any CPU
		{11B4C5CA-91C9-1658-0F14-97E826EC56AD}.Debug|Any CPU.ActiveCfg = Debug|Any CPU
		{11B4C5CA-91C9-1658-0F14-97E826EC56AD}.Debug|Any CPU.Build.0 = Debug|Any CPU
		{11B4C5CA-91C9-1658-0F14-97E826EC56AD}.Release|Any CPU.ActiveCfg = Release|Any CPU
		{11B4C5CA-91C9-1658-0F14-97E826EC56AD}.Release|Any CPU.Build.0 = Release|Any CPU
	EndGlobalSection
	GlobalSection(SolutionProperties) = preSolution
		HideSolutionNode = FALSE
	EndGlobalSection
	GlobalSection(MonoDevelopProperties) = preSolution
		StartupItem = Assembly-CSharp.csproj
	EndGlobalSection
EndGlobal
